
Microsoft Visual Studio Solution File, Format Version 12.00
# Visual Studio 15
VisualStudioVersion = 15.0.28010.2050
MinimumVisualStudioVersion = 10.0.40219.1
Project("{FAE04EC0-301F-11D3-BF4B-00C04F79EFBC}") = "Bar Code Generator", "Bar Code Generator\Bar Code Generator.csproj", "{FEF29203-0350-4EB0-9842-BADD32AF60BD}"
EndProject
Global
	GlobalSection(SolutionConfigurationPlatforms) = preSolution
		Debug|Any CPU = Debug|Any CPU
		Release|Any CPU = Release|Any CPU
	EndGlobalSection
	GlobalSection(ProjectConfigurationPlatforms) = postSolution
		{FEF29203-0350-4EB0-9842-BADD32AF60BD}.Debug|Any CPU.ActiveCfg = Debug|Any CPU
		{FEF29203-0350-4EB0-9842-BADD32AF60BD}.Debug|Any CPU.Build.0 = Debug|Any CPU
		{FEF29203-0350-4EB0-9842-BADD32AF60BD}.Release|Any CPU.ActiveCfg = Release|Any CPU
		{FEF29203-0350-4EB0-9842-BADD32AF60BD}.Release|Any CPU.Build.0 = Release|Any CPU
	EndGlobalSection
	GlobalSection(SolutionProperties) = preSolution
		HideSolutionNode = FALSE
	EndGlobalSection
	GlobalSection(ExtensibilityGlobals) = postSolution
		SolutionGuid = {B7405782-669E-4512-9C0B-3F86DC4B2CD8}
	EndGlobalSection
EndGlobal
